
Microsoft Visual Studio Solution File, Format Version 12.00
# Visual Studio 14
VisualStudioVersion = 14.0.23107.0
MinimumVisualStudioVersion = 10.0.40219.1
Project("{8BC9CEB8-8B4A-11D0-8D11-00A0C91BC942}") = "ChatServer", "ChatServer\ChatServer.vcxproj", "{5E899F1E-BA13-4DBE-8950-83D8FF6225E0}"
EndProject
Project("{8BC9CEB8-8B4A-11D0-8D11-00A0C91BC942}") = "ChatClient", "ChatClient\ChatClient.vcxproj", "{F59FC3AE-F24D-4501-A968-8BF24C3DE97D}"
	ProjectSection(ProjectDependencies) = postProject
		{5E899F1E-BA13-4DBE-8950-83D8FF6225E0} = {5E899F1E-BA13-4DBE-8950-83D8FF6225E0}
	EndProjectSection
EndProject
Global
	GlobalSection(SolutionConfigurationPlatforms) = preSolution
		Debug|x64 = Debug|x64
		Debug|x86 = Debug|x86
		Release|x64 = Release|x64
		Release|x86 = Release|x86
	EndGlobalSection
	GlobalSection(ProjectConfigurationPlatforms) = postSolution
		{5E899F1E-BA13-4DBE-8950-83D8FF6225E0}.Debug|x64.ActiveCfg = Debug|x64
		{5E899F1E-BA13-4DBE-8950-83D8FF6225E0}.Debug|x64.Build.0 = Debug|x64
		{5E899F1E-BA13-4DBE-8950-83D8FF6225E0}.Debug|x86.ActiveCfg = Debug|Win32
		{5E899F1E-BA13-4DBE-8950-83D8FF6225E0}.Debug|x86.Build.0 = Debug|Win32
		{5E899F1E-BA13-4DBE-8950-83D8FF6225E0}.Release|x64.ActiveCfg = Release|x64
		{5E899F1E-BA13-4DBE-8950-83D8FF6225E0}.Release|x64.Build.0 = Release|x64
		{5E899F1E-BA13-4DBE-8950-83D8FF6225E0}.Release|x86.ActiveCfg = Release|Win32
		{5E899F1E-BA13-4DBE-8950-83D8FF6225E0}.Release|x86.Build.0 = Release|Win32
		{F59FC3AE-F24D-4501-A968-8BF24C3DE97D}.Debug|x64.ActiveCfg = Debug|x64
		{F59FC3AE-F24D-4501-A968-8BF24C3DE97D}.Debug|x64.Build.0 = Debug|x64
		{F59FC3AE-F24D-4501-A968-8BF24C3DE97D}.Debug|x86.ActiveCfg = Debug|Win32
		{F59FC3AE-F24D-4501-A968-8BF24C3DE97D}.Debug|x86.Build.0 = Debug|Win32
		{F59FC3AE-F24D-4501-A968-8BF24C3DE97D}.Release|x64.ActiveCfg = Release|x64
		{F59FC3AE-F24D-4501-A968-8BF24C3DE97D}.Release|x64.Build.0 = Release|x64
		{F59FC3AE-F24D-4501-A968-8BF24C3DE97D}.Release|x86.ActiveCfg = Release|Win32
		{F59FC3AE-F24D-4501-A968-8BF24C3DE97D}.Release|x86.Build.0 = Release|Win32
	EndGlobalSection
	GlobalSection(SolutionProperties) = preSolution
		HideSolutionNode = FALSE
	EndGlobalSection
EndGlobal
